
Microsoft Visual Studio Solution File, Format Version 12.00
# Visual Studio 2013
VisualStudioVersion = 12.0.40629.0
MinimumVisualStudioVersion = 10.0.40219.1
Project("{FAE04EC0-301F-11D3-BF4B-00C04F79EFBC}") = "Simple.Data.RawSql", "Simple.Data.RawSql\Simple.Data.RawSql.csproj", "{E8C9BF53-0E6C-40FB-AECA-5BEDE76693C6}"
EndProject
Project("{FAE04EC0-301F-11D3-BF4B-00C04F79EFBC}") = "Runner", "Runner\Runner.csproj", "{34A4A0EA-0D81-45C1-A8FA-B065E260FC63}"
EndProject
Project("{2150E333-8FDC-42A3-9474-1A3956D46DE8}") = ".nuget", ".nuget", "{A65AFD7E-61FB-4C58-A295-5D9C72EB7953}"
	ProjectSection(SolutionItems) = preProject
		.nuget\NuGet.Config = .nuget\NuGet.Config
		.nuget\NuGet.exe = .nuget\NuGet.exe
		.nuget\NuGet.targets = .nuget\NuGet.targets
	EndProjectSection
EndProject
Global
	GlobalSection(SolutionConfigurationPlatforms) = preSolution
		Debug|Any CPU = Debug|Any CPU
		Debug|Mixed Platforms = Debug|Mixed Platforms
		Debug|x86 = Debug|x86
		Release|Any CPU = Release|Any CPU
		Release|Mixed Platforms = Release|Mixed Platforms
		Release|x86 = Release|x86
	EndGlobalSection
	GlobalSection(ProjectConfigurationPlatforms) = postSolution
		{E8C9BF53-0E6C-40FB-AECA-5BEDE76693C6}.Debug|Any CPU.ActiveCfg = Debug|Any CPU
		{E8C9BF53-0E6C-40FB-AECA-5BEDE76693C6}.Debug|Any CPU.Build.0 = Debug|Any CPU
		{E8C9BF53-0E6C-40FB-AECA-5BEDE76693C6}.Debug|Mixed Platforms.ActiveCfg = Debug|Any CPU
		{E8C9BF53-0E6C-40FB-AECA-5BEDE76693C6}.Debug|Mixed Platforms.Build.0 = Debug|Any CPU
		{E8C9BF53-0E6C-40FB-AECA-5BEDE76693C6}.Debug|x86.ActiveCfg = Debug|Any CPU
		{E8C9BF53-0E6C-40FB-AECA-5BEDE76693C6}.Release|Any CPU.ActiveCfg = Release|Any CPU
		{E8C9BF53-0E6C-40FB-AECA-5BEDE76693C6}.Release|Any CPU.Build.0 = Release|Any CPU
		{E8C9BF53-0E6C-40FB-AECA-5BEDE76693C6}.Release|Mixed Platforms.ActiveCfg = Release|Any CPU
		{E8C9BF53-0E6C-40FB-AECA-5BEDE76693C6}.Release|Mixed Platforms.Build.0 = Release|Any CPU
		{E8C9BF53-0E6C-40FB-AECA-5BEDE76693C6}.Release|x86.ActiveCfg = Release|Any CPU
		{34A4A0EA-0D81-45C1-A8FA-B065E260FC63}.Debug|Any CPU.ActiveCfg = Debug|x86
		{34A4A0EA-0D81-45C1-A8FA-B065E260FC63}.Debug|Mixed Platforms.ActiveCfg = Debug|x86
		{34A4A0EA-0D81-45C1-A8FA-B065E260FC63}.Debug|Mixed Platforms.Build.0 = Debug|x86
		{34A4A0EA-0D81-45C1-A8FA-B065E260FC63}.Debug|x86.ActiveCfg = Debug|x86
		{34A4A0EA-0D81-45C1-A8FA-B065E260FC63}.Debug|x86.Build.0 = Debug|x86
		{34A4A0EA-0D81-45C1-A8FA-B065E260FC63}.Release|Any CPU.ActiveCfg = Release|x86
		{34A4A0EA-0D81-45C1-A8FA-B065E260FC63}.Release|Mixed Platforms.ActiveCfg = Release|x86
		{34A4A0EA-0D81-45C1-A8FA-B065E260FC63}.Release|Mixed Platforms.Build.0 = Release|x86
		{34A4A0EA-0D81-45C1-A8FA-B065E260FC63}.Release|x86.ActiveCfg = Release|x86
		{34A4A0EA-0D81-45C1-A8FA-B065E260FC63}.Release|x86.Build.0 = Release|x86
	EndGlobalSection
	GlobalSection(SolutionProperties) = preSolution
		HideSolutionNode = FALSE
	EndGlobalSection
EndGlobal
